
Microsoft Visual Studio Solution File, Format Version 12.00
# Visual Studio Version 17
VisualStudioVersion = 17.5.2.0
MinimumVisualStudioVersion = 10.0.40219.1
Project("{FAE04EC0-301F-11D3-BF4B-00C04F79EFBC}") = "InventoryAPI", "InventoryAPI\InventoryAPI.csproj", "{EBC9B474-23B9-E98B-6888-1A8B6A117175}"
EndProject
Project("{FAE04EC0-301F-11D3-BF4B-00C04F79EFBC}") = "InventoryAPI.Tests", "InventoryAPI.Tests\InventoryAPI.Tests.csproj", "{0CDE0DB1-D5A5-493B-9AC0-82373D416213}"
EndProject
Global
	GlobalSection(SolutionConfigurationPlatforms) = preSolution
		Debug|Any CPU = Debug|Any CPU
		Debug|x64 = Debug|x64
		Debug|x86 = Debug|x86
		Release|Any CPU = Release|Any CPU
		Release|x64 = Release|x64
		Release|x86 = Release|x86
	EndGlobalSection
	GlobalSection(ProjectConfigurationPlatforms) = postSolution
		{EBC9B474-23B9-E98B-6888-1A8B6A117175}.Debug|Any CPU.ActiveCfg = Debug|Any CPU
		{EBC9B474-23B9-E98B-6888-1A8B6A117175}.Debug|Any CPU.Build.0 = Debug|Any CPU
		{EBC9B474-23B9-E98B-6888-1A8B6A117175}.Debug|x64.ActiveCfg = Debug|Any CPU
		{EBC9B474-23B9-E98B-6888-1A8B6A117175}.Debug|x64.Build.0 = Debug|Any CPU
		{EBC9B474-23B9-E98B-6888-1A8B6A117175}.Debug|x86.ActiveCfg = Debug|Any CPU
		{EBC9B474-23B9-E98B-6888-1A8B6A117175}.Debug|x86.Build.0 = Debug|Any CPU
		{EBC9B474-23B9-E98B-6888-1A8B6A117175}.Release|Any CPU.ActiveCfg = Release|Any CPU
		{EBC9B474-23B9-E98B-6888-1A8B6A117175}.Release|Any CPU.Build.0 = Release|Any CPU
		{EBC9B474-23B9-E98B-6888-1A8B6A117175}.Release|x64.ActiveCfg = Release|Any CPU
		{EBC9B474-23B9-E98B-6888-1A8B6A117175}.Release|x64.Build.0 = Release|Any CPU
		{EBC9B474-23B9-E98B-6888-1A8B6A117175}.Release|x86.ActiveCfg = Release|Any CPU
		{EBC9B474-23B9-E98B-6888-1A8B6A117175}.Release|x86.Build.0 = Release|Any CPU
		{0CDE0DB1-D5A5-493B-9AC0-82373D416213}.Debug|Any CPU.ActiveCfg = Debug|Any CPU
		{0CDE0DB1-D5A5-493B-9AC0-82373D416213}.Debug|Any CPU.Build.0 = Debug|Any CPU
		{0CDE0DB1-D5A5-493B-9AC0-82373D416213}.Debug|x64.ActiveCfg = Debug|Any CPU
		{0CDE0DB1-D5A5-493B-9AC0-82373D416213}.Debug|x64.Build.0 = Debug|Any CPU
		{0CDE0DB1-D5A5-493B-9AC0-82373D416213}.Debug|x86.ActiveCfg = Debug|Any CPU
		{0CDE0DB1-D5A5-493B-9AC0-82373D416213}.Debug|x86.Build.0 = Debug|Any CPU
		{0CDE0DB1-D5A5-493B-9AC0-82373D416213}.Release|Any CPU.ActiveCfg = Release|Any CPU
		{0CDE0DB1-D5A5-493B-9AC0-82373D416213}.Release|Any CPU.Build.0 = Release|Any CPU
		{0CDE0DB1-D5A5-493B-9AC0-82373D416213}.Release|x64.ActiveCfg = Release|Any CPU
		{0CDE0DB1-D5A5-493B-9AC0-82373D416213}.Release|x64.Build.0 = Release|Any CPU
		{0CDE0DB1-D5A5-493B-9AC0-82373D416213}.Release|x86.ActiveCfg = Release|Any CPU
		{0CDE0DB1-D5A5-493B-9AC0-82373D416213}.Release|x86.Build.0 = Release|Any CPU
	EndGlobalSection
	GlobalSection(SolutionProperties) = preSolution
		HideSolutionNode = FALSE
	EndGlobalSection
	GlobalSection(ExtensibilityGlobals) = postSolution
		SolutionGuid = {5EC01497-3476-4094-A280-D278E31AA982}
	EndGlobalSection
EndGlobal
